// !$*UTF8*$!
{
	archiveVersion = 1;
	classes = {
	};
	objectVersion = 56;
	objects = {

/* Begin PBXBuildFile section */
		3DC9786F2BFE052F00CEBDA9 /* AppDelegate.swift in Sources */ = {isa = PBXBuildFile; fileRef = 3DC9786E2BFE052F00CEBDA9 /* AppDelegate.swift */; };
		3DC978712BFE052F00CEBDA9 /* SceneDelegate.swift in Sources */ = {isa = PBXBuildFile; fileRef = 3DC978702BFE052F00CEBDA9 /* SceneDelegate.swift */; };
		3DC978782BFE053100CEBDA9 /* Assets.xcassets in Resources */ = {isa = PBXBuildFile; fileRef = 3DC978772BFE053100CEBDA9 /* Assets.xcassets */; };
		3DC9787B2BFE053100CEBDA9 /* LaunchScreen.storyboard in Resources */ = {isa = PBXBuildFile; fileRef = 3DC978792BFE053100CEBDA9 /* LaunchScreen.storyboard */; };
		3DC978842BFE05FE00CEBDA9 /* HomeViewController.swift in Sources */ = {isa = PBXBuildFile; fileRef = 3DC978832BFE05FE00CEBDA9 /* HomeViewController.swift */; };
		3DC9788B2BFE1AAD00CEBDA9 /* NetworkManager.swift in Sources */ = {isa = PBXBuildFile; fileRef = 3DC9788A2BFE1AAD00CEBDA9 /* NetworkManager.swift */; };
		3DC9788E2BFE1AF300CEBDA9 /* Alamofire in Frameworks */ = {isa = PBXBuildFile; productRef = 3DC9788D2BFE1AF300CEBDA9 /* Alamofire */; };
		3DC978902BFE1AF300CEBDA9 /* AlamofireDynamic in Frameworks */ = {isa = PBXBuildFile; productRef = 3DC9788F2BFE1AF300CEBDA9 /* AlamofireDynamic */; };
		3DC978932BFE1B7300CEBDA9 /* PostModel.swift in Sources */ = {isa = PBXBuildFile; fileRef = 3DC978922BFE1B7300CEBDA9 /* PostModel.swift */; };
		3DC978952BFE1F0C00CEBDA9 /* GetModel.swift in Sources */ = {isa = PBXBuildFile; fileRef = 3DC978942BFE1F0C00CEBDA9 /* GetModel.swift */; };
		3DC978972BFE33FC00CEBDA9 /* RPStickerMakerRequestBody.swift in Sources */ = {isa = PBXBuildFile; fileRef = 3DC978962BFE33FC00CEBDA9 /* RPStickerMakerRequestBody.swift */; };
		3DC9789C2BFE401B00CEBDA9 /* HomeView.swift in Sources */ = {isa = PBXBuildFile; fileRef = 3DC9789B2BFE401B00CEBDA9 /* HomeView.swift */; };
		3DC9789F2BFE78C500CEBDA9 /* NavigationBarExtantion.swift in Sources */ = {isa = PBXBuildFile; fileRef = 3DC9789E2BFE78C500CEBDA9 /* NavigationBarExtantion.swift */; };
		3DC978A12C0728AE00CEBDA9 /* HomeViewModel.swift in Sources */ = {isa = PBXBuildFile; fileRef = 3DC978A02C0728AE00CEBDA9 /* HomeViewModel.swift */; };
		3DC978A42C07356100CEBDA9 /* SDWebImage in Frameworks */ = {isa = PBXBuildFile; productRef = 3DC978A32C07356100CEBDA9 /* SDWebImage */; };
		3DC978A62C07356100CEBDA9 /* SDWebImageMapKit in Frameworks */ = {isa = PBXBuildFile; productRef = 3DC978A52C07356100CEBDA9 /* SDWebImageMapKit */; };
		3DC978A92C07382000CEBDA9 /* SDWebImageWebPCoder in Frameworks */ = {isa = PBXBuildFile; productRef = 3DC978A82C07382000CEBDA9 /* SDWebImageWebPCoder */; };
		3DC978AC2C074A0C00CEBDA9 /* RandomStickerModel.swift in Sources */ = {isa = PBXBuildFile; fileRef = 3DC978AB2C074A0C00CEBDA9 /* RandomStickerModel.swift */; };
		3DC978AF2C0757B300CEBDA9 /* IQKeyboardManagerSwift in Frameworks */ = {isa = PBXBuildFile; productRef = 3DC978AE2C0757B300CEBDA9 /* IQKeyboardManagerSwift */; };
		3DC978B22C07660500CEBDA9 /* ProgressHUD in Frameworks */ = {isa = PBXBuildFile; productRef = 3DC978B12C07660500CEBDA9 /* ProgressHUD */; };
		3DC978B42C07661900CEBDA9 /* ProgresHud.swift in Sources */ = {isa = PBXBuildFile; fileRef = 3DC978B32C07661900CEBDA9 /* ProgresHud.swift */; };
		3DC978B82C07AC1200CEBDA9 /* Shake.swift in Sources */ = {isa = PBXBuildFile; fileRef = 3DC978B72C07AC1200CEBDA9 /* Shake.swift */; };
/* End PBXBuildFile section */

/* Begin PBXFileReference section */
		3DC9786B2BFE052F00CEBDA9 /* StickerMaker.app */ = {isa = PBXFileReference; explicitFileType = wrapper.application; includeInIndex = 0; path = StickerMaker.app; sourceTree = BUILT_PRODUCTS_DIR; };
		3DC9786E2BFE052F00CEBDA9 /* AppDelegate.swift */ = {isa = PBXFileReference; lastKnownFileType = sourcecode.swift; path = AppDelegate.swift; sourceTree = "<group>"; };
		3DC978702BFE052F00CEBDA9 /* SceneDelegate.swift */ = {isa = PBXFileReference; lastKnownFileType = sourcecode.swift; path = SceneDelegate.swift; sourceTree = "<group>"; };
		3DC978772BFE053100CEBDA9 /* Assets.xcassets */ = {isa = PBXFileReference; lastKnownFileType = folder.assetcatalog; path = Assets.xcassets; sourceTree = "<group>"; };
		3DC9787A2BFE053100CEBDA9 /* Base */ = {isa = PBXFileReference; lastKnownFileType = file.storyboard; name = Base; path = Base.lproj/LaunchScreen.storyboard; sourceTree = "<group>"; };
		3DC9787C2BFE053100CEBDA9 /* Info.plist */ = {isa = PBXFileReference; lastKnownFileType = text.plist.xml; path = Info.plist; sourceTree = "<group>"; };
		3DC978832BFE05FE00CEBDA9 /* HomeViewController.swift */ = {isa = PBXFileReference; lastKnownFileType = sourcecode.swift; path = HomeViewController.swift; sourceTree = "<group>"; };
		3DC9788A2BFE1AAD00CEBDA9 /* NetworkManager.swift */ = {isa = PBXFileReference; lastKnownFileType = sourcecode.swift; path = NetworkManager.swift; sourceTree = "<group>"; };
		3DC978922BFE1B7300CEBDA9 /* PostModel.swift */ = {isa = PBXFileReference; lastKnownFileType = sourcecode.swift; path = PostModel.swift; sourceTree = "<group>"; };
		3DC978942BFE1F0C00CEBDA9 /* GetModel.swift */ = {isa = PBXFileReference; lastKnownFileType = sourcecode.swift; path = GetModel.swift; sourceTree = "<group>"; };
		3DC978962BFE33FC00CEBDA9 /* RPStickerMakerRequestBody.swift */ = {isa = PBXFileReference; lastKnownFileType = sourcecode.swift; path = RPStickerMakerRequestBody.swift; sourceTree = "<group>"; };
		3DC9789B2BFE401B00CEBDA9 /* HomeView.swift */ = {isa = PBXFileReference; lastKnownFileType = sourcecode.swift; path = HomeView.swift; sourceTree = "<group>"; };
		3DC9789E2BFE78C500CEBDA9 /* NavigationBarExtantion.swift */ = {isa = PBXFileReference; lastKnownFileType = sourcecode.swift; path = NavigationBarExtantion.swift; sourceTree = "<group>"; };
		3DC978A02C0728AE00CEBDA9 /* HomeViewModel.swift */ = {isa = PBXFileReference; lastKnownFileType = sourcecode.swift; path = HomeViewModel.swift; sourceTree = "<group>"; };
		3DC978AB2C074A0C00CEBDA9 /* RandomStickerModel.swift */ = {isa = PBXFileReference; lastKnownFileType = sourcecode.swift; path = RandomStickerModel.swift; sourceTree = "<group>"; };
		3DC978B32C07661900CEBDA9 /* ProgresHud.swift */ = {isa = PBXFileReference; lastKnownFileType = sourcecode.swift; path = ProgresHud.swift; sourceTree = "<group>"; };
		3DC978B72C07AC1200CEBDA9 /* Shake.swift */ = {isa = PBXFileReference; lastKnownFileType = sourcecode.swift; path = Shake.swift; sourceTree = "<group>"; };
/* End PBXFileReference section */

/* Begin PBXFrameworksBuildPhase section */
		3DC978682BFE052F00CEBDA9 /* Frameworks */ = {
			isa = PBXFrameworksBuildPhase;
			buildActionMask = 2147483647;
			files = (
				3DC978A42C07356100CEBDA9 /* SDWebImage in Frameworks */,
				3DC978B22C07660500CEBDA9 /* ProgressHUD in Frameworks */,
				3DC9788E2BFE1AF300CEBDA9 /* Alamofire in Frameworks */,
				3DC978A62C07356100CEBDA9 /* SDWebImageMapKit in Frameworks */,
				3DC978A92C07382000CEBDA9 /* SDWebImageWebPCoder in Frameworks */,
				3DC978902BFE1AF300CEBDA9 /* AlamofireDynamic in Frameworks */,
				3DC978AF2C0757B300CEBDA9 /* IQKeyboardManagerSwift in Frameworks */,
			);
			runOnlyForDeploymentPostprocessing = 0;
		};
/* End PBXFrameworksBuildPhase section */

/* Begin PBXGroup section */
		3DC978622BFE052F00CEBDA9 = {
			isa = PBXGroup;
			children = (
				3DC9786D2BFE052F00CEBDA9 /* StickerMaker */,
				3DC9786C2BFE052F00CEBDA9 /* Products */,
			);
			sourceTree = "<group>";
		};
		3DC9786C2BFE052F00CEBDA9 /* Products */ = {
			isa = PBXGroup;
			children = (
				3DC9786B2BFE052F00CEBDA9 /* StickerMaker.app */,
			);
			name = Products;
			sourceTree = "<group>";
		};
		3DC9786D2BFE052F00CEBDA9 /* StickerMaker */ = {
			isa = PBXGroup;
			children = (
				3DC9789D2BFE78AF00CEBDA9 /* Extantion+UIView */,
				3DC978862BFE080800CEBDA9 /* Network */,
				3DC978852BFE079B00CEBDA9 /* App */,
				3DC978822BFE05CC00CEBDA9 /* Home */,
			);
			path = StickerMaker;
			sourceTree = "<group>";
		};
		3DC978822BFE05CC00CEBDA9 /* Home */ = {
			isa = PBXGroup;
			children = (
				3DC978AA2C0749F900CEBDA9 /* Model */,
				3DC9789A2BFE3FFE00CEBDA9 /* View */,
				3DC978992BFE3FE500CEBDA9 /* ViewModel */,
				3DC978982BFE3FD600CEBDA9 /* Controller */,
			);
			path = Home;
			sourceTree = "<group>";
		};
		3DC978852BFE079B00CEBDA9 /* App */ = {
			isa = PBXGroup;
			children = (
				3DC9786E2BFE052F00CEBDA9 /* AppDelegate.swift */,
				3DC978702BFE052F00CEBDA9 /* SceneDelegate.swift */,
				3DC978772BFE053100CEBDA9 /* Assets.xcassets */,
				3DC978792BFE053100CEBDA9 /* LaunchScreen.storyboard */,
				3DC9787C2BFE053100CEBDA9 /* Info.plist */,
			);
			path = App;
			sourceTree = "<group>";
		};
		3DC978862BFE080800CEBDA9 /* Network */ = {
			isa = PBXGroup;
			children = (
				3DC978912BFE1B5C00CEBDA9 /* Model */,
				3DC978892BFE1A9C00CEBDA9 /* Core */,
			);
			path = Network;
			sourceTree = "<group>";
		};
		3DC978892BFE1A9C00CEBDA9 /* Core */ = {
			isa = PBXGroup;
			children = (
				3DC9788A2BFE1AAD00CEBDA9 /* NetworkManager.swift */,
			);
			path = Core;
			sourceTree = "<group>";
		};
		3DC978912BFE1B5C00CEBDA9 /* Model */ = {
			isa = PBXGroup;
			children = (
				3DC978922BFE1B7300CEBDA9 /* PostModel.swift */,
				3DC978942BFE1F0C00CEBDA9 /* GetModel.swift */,
				3DC978962BFE33FC00CEBDA9 /* RPStickerMakerRequestBody.swift */,
			);
			path = Model;
			sourceTree = "<group>";
		};
		3DC978982BFE3FD600CEBDA9 /* Controller */ = {
			isa = PBXGroup;
			children = (
				3DC978832BFE05FE00CEBDA9 /* HomeViewController.swift */,
			);
			path = Controller;
			sourceTree = "<group>";
		};
		3DC978992BFE3FE500CEBDA9 /* ViewModel */ = {
			isa = PBXGroup;
			children = (
				3DC978A02C0728AE00CEBDA9 /* HomeViewModel.swift */,
			);
			path = ViewModel;
			sourceTree = "<group>";
		};
		3DC9789A2BFE3FFE00CEBDA9 /* View */ = {
			isa = PBXGroup;
			children = (
				3DC9789B2BFE401B00CEBDA9 /* HomeView.swift */,
			);
			path = View;
			sourceTree = "<group>";
		};
		3DC9789D2BFE78AF00CEBDA9 /* Extantion+UIView */ = {
			isa = PBXGroup;
			children = (
				3DC9789E2BFE78C500CEBDA9 /* NavigationBarExtantion.swift */,
				3DC978B32C07661900CEBDA9 /* ProgresHud.swift */,
				3DC978B72C07AC1200CEBDA9 /* Shake.swift */,
			);
			path = "Extantion+UIView";
			sourceTree = "<group>";
		};
		3DC978AA2C0749F900CEBDA9 /* Model */ = {
			isa = PBXGroup;
			children = (
				3DC978AB2C074A0C00CEBDA9 /* RandomStickerModel.swift */,
			);
			path = Model;
			sourceTree = "<group>";
		};
/* End PBXGroup section */

/* Begin PBXNativeTarget section */
		3DC9786A2BFE052F00CEBDA9 /* StickerMaker */ = {
			isa = PBXNativeTarget;
			buildConfigurationList = 3DC9787F2BFE053100CEBDA9 /* Build configuration list for PBXNativeTarget "StickerMaker" */;
			buildPhases = (
				3DC978672BFE052F00CEBDA9 /* Sources */,
				3DC978682BFE052F00CEBDA9 /* Frameworks */,
				3DC978692BFE052F00CEBDA9 /* Resources */,
			);
			buildRules = (
			);
			dependencies = (
			);
			name = StickerMaker;
			packageProductDependencies = (
				3DC9788D2BFE1AF300CEBDA9 /* Alamofire */,
				3DC9788F2BFE1AF300CEBDA9 /* AlamofireDynamic */,
				3DC978A32C07356100CEBDA9 /* SDWebImage */,
				3DC978A52C07356100CEBDA9 /* SDWebImageMapKit */,
				3DC978A82C07382000CEBDA9 /* SDWebImageWebPCoder */,
				3DC978AE2C0757B300CEBDA9 /* IQKeyboardManagerSwift */,
				3DC978B12C07660500CEBDA9 /* ProgressHUD */,
			);
			productName = StickerMaker;
			productReference = 3DC9786B2BFE052F00CEBDA9 /* StickerMaker.app */;
			productType = "com.apple.product-type.application";
		};
/* End PBXNativeTarget section */

/* Begin PBXProject section */
		3DC978632BFE052F00CEBDA9 /* Project object */ = {
			isa = PBXProject;
			attributes = {
				BuildIndependentTargetsInParallel = 1;
				LastSwiftUpdateCheck = 1500;
				LastUpgradeCheck = 1500;
				TargetAttributes = {
					3DC9786A2BFE052F00CEBDA9 = {
						CreatedOnToolsVersion = 15.0.1;
					};
				};
			};
			buildConfigurationList = 3DC978662BFE052F00CEBDA9 /* Build configuration list for PBXProject "StickerMaker" */;
			compatibilityVersion = "Xcode 14.0";
			developmentRegion = en;
			hasScannedForEncodings = 0;
			knownRegions = (
				en,
				Base,
			);
			mainGroup = 3DC978622BFE052F00CEBDA9;
			packageReferences = (
				3DC9788C2BFE1AF300CEBDA9 /* XCRemoteSwiftPackageReference "Alamofire" */,
				3DC978A22C07356100CEBDA9 /* XCRemoteSwiftPackageReference "SDWebImage" */,
				3DC978A72C07381F00CEBDA9 /* XCRemoteSwiftPackageReference "SDWebImageWebPCoder" */,
				3DC978AD2C0757B300CEBDA9 /* XCRemoteSwiftPackageReference "IQKeyboardManager" */,
				3DC978B02C07660500CEBDA9 /* XCRemoteSwiftPackageReference "ProgressHUD" */,
			);
			productRefGroup = 3DC9786C2BFE052F00CEBDA9 /* Products */;
			projectDirPath = "";
			projectRoot = "";
			targets = (
				3DC9786A2BFE052F00CEBDA9 /* StickerMaker */,
			);
		};
/* End PBXProject section */

/* Begin PBXResourcesBuildPhase section */
		3DC978692BFE052F00CEBDA9 /* Resources */ = {
			isa = PBXResourcesBuildPhase;
			buildActionMask = 2147483647;
			files = (
				3DC9787B2BFE053100CEBDA9 /* LaunchScreen.storyboard in Resources */,
				3DC978782BFE053100CEBDA9 /* Assets.xcassets in Resources */,
			);
			runOnlyForDeploymentPostprocessing = 0;
		};
/* End PBXResourcesBuildPhase section */

/* Begin PBXSourcesBuildPhase section */
		3DC978672BFE052F00CEBDA9 /* Sources */ = {
			isa = PBXSourcesBuildPhase;
			buildActionMask = 2147483647;
			files = (
				3DC9789F2BFE78C500CEBDA9 /* NavigationBarExtantion.swift in Sources */,
				3DC9788B2BFE1AAD00CEBDA9 /* NetworkManager.swift in Sources */,
				3DC978932BFE1B7300CEBDA9 /* PostModel.swift in Sources */,
				3DC978B82C07AC1200CEBDA9 /* Shake.swift in Sources */,
				3DC978A12C0728AE00CEBDA9 /* HomeViewModel.swift in Sources */,
				3DC9786F2BFE052F00CEBDA9 /* AppDelegate.swift in Sources */,
				3DC978712BFE052F00CEBDA9 /* SceneDelegate.swift in Sources */,
				3DC978972BFE33FC00CEBDA9 /* RPStickerMakerRequestBody.swift in Sources */,
				3DC9789C2BFE401B00CEBDA9 /* HomeView.swift in Sources */,
				3DC978AC2C074A0C00CEBDA9 /* RandomStickerModel.swift in Sources */,
				3DC978952BFE1F0C00CEBDA9 /* GetModel.swift in Sources */,
				3DC978B42C07661900CEBDA9 /* ProgresHud.swift in Sources */,
				3DC978842BFE05FE00CEBDA9 /* HomeViewController.swift in Sources */,
			);
			runOnlyForDeploymentPostprocessing = 0;
		};
/* End PBXSourcesBuildPhase section */

/* Begin PBXVariantGroup section */
		3DC978792BFE053100CEBDA9 /* LaunchScreen.storyboard */ = {
			isa = PBXVariantGroup;
			children = (
				3DC9787A2BFE053100CEBDA9 /* Base */,
			);
			name = LaunchScreen.storyboard;
			sourceTree = "<group>";
		};
/* End PBXVariantGroup section */

/* Begin XCBuildConfiguration section */
		3DC9787D2BFE053100CEBDA9 /* Debug */ = {
			isa = XCBuildConfiguration;
			buildSettings = {
				ALWAYS_SEARCH_USER_PATHS = NO;
				ASSETCATALOG_COMPILER_GENERATE_SWIFT_ASSET_SYMBOL_EXTENSIONS = YES;
				CLANG_ANALYZER_NONNULL = YES;
				CLANG_ANALYZER_NUMBER_OBJECT_CONVERSION = YES_AGGRESSIVE;
				CLANG_CXX_LANGUAGE_STANDARD = "gnu++20";
				CLANG_ENABLE_MODULES = YES;
				CLANG_ENABLE_OBJC_ARC = YES;
				CLANG_ENABLE_OBJC_WEAK = YES;
				CLANG_WARN_BLOCK_CAPTURE_AUTORELEASING = YES;
				CLANG_WARN_BOOL_CONVERSION = YES;
				CLANG_WARN_COMMA = YES;
				CLANG_WARN_CONSTANT_CONVERSION = YES;
				CLANG_WARN_DEPRECATED_OBJC_IMPLEMENTATIONS = YES;
				CLANG_WARN_DIRECT_OBJC_ISA_USAGE = YES_ERROR;
				CLANG_WARN_DOCUMENTATION_COMMENTS = YES;
				CLANG_WARN_EMPTY_BODY = YES;
				CLANG_WARN_ENUM_CONVERSION = YES;
				CLANG_WARN_INFINITE_RECURSION = YES;
				CLANG_WARN_INT_CONVERSION = YES;
				CLANG_WARN_NON_LITERAL_NULL_CONVERSION = YES;
				CLANG_WARN_OBJC_IMPLICIT_RETAIN_SELF = YES;
				CLANG_WARN_OBJC_LITERAL_CONVERSION = YES;
				CLANG_WARN_OBJC_ROOT_CLASS = YES_ERROR;
				CLANG_WARN_QUOTED_INCLUDE_IN_FRAMEWORK_HEADER = YES;
				CLANG_WARN_RANGE_LOOP_ANALYSIS = YES;
				CLANG_WARN_STRICT_PROTOTYPES = YES;
				CLANG_WARN_SUSPICIOUS_MOVE = YES;
				CLANG_WARN_UNGUARDED_AVAILABILITY = YES_AGGRESSIVE;
				CLANG_WARN_UNREACHABLE_CODE = YES;
				CLANG_WARN__DUPLICATE_METHOD_MATCH = YES;
				COPY_PHASE_STRIP = NO;
				DEBUG_INFORMATION_FORMAT = dwarf;
				ENABLE_STRICT_OBJC_MSGSEND = YES;
				ENABLE_TESTABILITY = YES;
				ENABLE_USER_SCRIPT_SANDBOXING = YES;
				GCC_C_LANGUAGE_STANDARD = gnu17;
				GCC_DYNAMIC_NO_PIC = NO;
				GCC_NO_COMMON_BLOCKS = YES;
				GCC_OPTIMIZATION_LEVEL = 0;
				GCC_PREPROCESSOR_DEFINITIONS = (
					"DEBUG=1",
					"$(inherited)",
				);
				GCC_WARN_64_TO_32_BIT_CONVERSION = YES;
				GCC_WARN_ABOUT_RETURN_TYPE = YES_ERROR;
				GCC_WARN_UNDECLARED_SELECTOR = YES;
				GCC_WARN_UNINITIALIZED_AUTOS = YES_AGGRESSIVE;
				GCC_WARN_UNUSED_FUNCTION = YES;
				GCC_WARN_UNUSED_VARIABLE = YES;
				IPHONEOS_DEPLOYMENT_TARGET = 17.0;
				LOCALIZATION_PREFERS_STRING_CATALOGS = YES;
				MTL_ENABLE_DEBUG_INFO = INCLUDE_SOURCE;
				MTL_FAST_MATH = YES;
				ONLY_ACTIVE_ARCH = YES;
				SDKROOT = iphoneos;
				SWIFT_ACTIVE_COMPILATION_CONDITIONS = "DEBUG $(inherited)";
				SWIFT_OPTIMIZATION_LEVEL = "-Onone";
			};
			name = Debug;
		};
		3DC9787E2BFE053100CEBDA9 /* Release */ = {
			isa = XCBuildConfiguration;
			buildSettings = {
				ALWAYS_SEARCH_USER_PATHS = NO;
				ASSETCATALOG_COMPILER_GENERATE_SWIFT_ASSET_SYMBOL_EXTENSIONS = YES;
				CLANG_ANALYZER_NONNULL = YES;
				CLANG_ANALYZER_NUMBER_OBJECT_CONVERSION = YES_AGGRESSIVE;
				CLANG_CXX_LANGUAGE_STANDARD = "gnu++20";
				CLANG_ENABLE_MODULES = YES;
				CLANG_ENABLE_OBJC_ARC = YES;
				CLANG_ENABLE_OBJC_WEAK = YES;
				CLANG_WARN_BLOCK_CAPTURE_AUTORELEASING = YES;
				CLANG_WARN_BOOL_CONVERSION = YES;
				CLANG_WARN_COMMA = YES;
				CLANG_WARN_CONSTANT_CONVERSION = YES;
				CLANG_WARN_DEPRECATED_OBJC_IMPLEMENTATIONS = YES;
				CLANG_WARN_DIRECT_OBJC_ISA_USAGE = YES_ERROR;
				CLANG_WARN_DOCUMENTATION_COMMENTS = YES;
				CLANG_WARN_EMPTY_BODY = YES;
				CLANG_WARN_ENUM_CONVERSION = YES;
				CLANG_WARN_INFINITE_RECURSION = YES;
				CLANG_WARN_INT_CONVERSION = YES;
				CLANG_WARN_NON_LITERAL_NULL_CONVERSION = YES;
				CLANG_WARN_OBJC_IMPLICIT_RETAIN_SELF = YES;
				CLANG_WARN_OBJC_LITERAL_CONVERSION = YES;
				CLANG_WARN_OBJC_ROOT_CLASS = YES_ERROR;
				CLANG_WARN_QUOTED_INCLUDE_IN_FRAMEWORK_HEADER = YES;
				CLANG_WARN_RANGE_LOOP_ANALYSIS = YES;
				CLANG_WARN_STRICT_PROTOTYPES = YES;
				CLANG_WARN_SUSPICIOUS_MOVE = YES;
				CLANG_WARN_UNGUARDED_AVAILABILITY = YES_AGGRESSIVE;
				CLANG_WARN_UNREACHABLE_CODE = YES;
				CLANG_WARN__DUPLICATE_METHOD_MATCH = YES;
				COPY_PHASE_STRIP = NO;
				DEBUG_INFORMATION_FORMAT = "dwarf-with-dsym";
				ENABLE_NS_ASSERTIONS = NO;
				ENABLE_STRICT_OBJC_MSGSEND = YES;
				ENABLE_USER_SCRIPT_SANDBOXING = YES;
				GCC_C_LANGUAGE_STANDARD = gnu17;
				GCC_NO_COMMON_BLOCKS = YES;
				GCC_WARN_64_TO_32_BIT_CONVERSION = YES;
				GCC_WARN_ABOUT_RETURN_TYPE = YES_ERROR;
				GCC_WARN_UNDECLARED_SELECTOR = YES;
				GCC_WARN_UNINITIALIZED_AUTOS = YES_AGGRESSIVE;
				GCC_WARN_UNUSED_FUNCTION = YES;
				GCC_WARN_UNUSED_VARIABLE = YES;
				IPHONEOS_DEPLOYMENT_TARGET = 17.0;
				LOCALIZATION_PREFERS_STRING_CATALOGS = YES;
				MTL_ENABLE_DEBUG_INFO = NO;
				MTL_FAST_MATH = YES;
				SDKROOT = iphoneos;
				SWIFT_COMPILATION_MODE = wholemodule;
				VALIDATE_PRODUCT = YES;
			};
			name = Release;
		};
		3DC978802BFE053100CEBDA9 /* Debug */ = {
			isa = XCBuildConfiguration;
			buildSettings = {
				ASSETCATALOG_COMPILER_APPICON_NAME = AppIcon;
				ASSETCATALOG_COMPILER_GLOBAL_ACCENT_COLOR_NAME = AccentColor;
				CODE_SIGN_STYLE = Automatic;
				CURRENT_PROJECT_VERSION = 1;
				DEVELOPMENT_TEAM = 628PNWMZP5;
				GENERATE_INFOPLIST_FILE = YES;
				INFOPLIST_FILE = StickerMaker/App/Info.plist;
				INFOPLIST_KEY_UIApplicationSupportsIndirectInputEvents = YES;
				INFOPLIST_KEY_UILaunchStoryboardName = LaunchScreen;
				INFOPLIST_KEY_UISupportedInterfaceOrientations_iPad = "UIInterfaceOrientationPortrait UIInterfaceOrientationPortraitUpsideDown UIInterfaceOrientationLandscapeLeft UIInterfaceOrientationLandscapeRight";
				INFOPLIST_KEY_UISupportedInterfaceOrientations_iPhone = "UIInterfaceOrientationPortrait UIInterfaceOrientationLandscapeLeft UIInterfaceOrientationLandscapeRight";
				LD_RUNPATH_SEARCH_PATHS = (
					"$(inherited)",
					"@executable_path/Frameworks",
				);
				MARKETING_VERSION = 1.0;
				PRODUCT_BUNDLE_IDENTIFIER = com.alkanfatih.StickerMaker;
				PRODUCT_NAME = "$(TARGET_NAME)";
				SWIFT_EMIT_LOC_STRINGS = YES;
				SWIFT_VERSION = 5.0;
				TARGETED_DEVICE_FAMILY = "1,2";
			};
			name = Debug;
		};
		3DC978812BFE053100CEBDA9 /* Release */ = {
			isa = XCBuildConfiguration;
			buildSettings = {
				ASSETCATALOG_COMPILER_APPICON_NAME = AppIcon;
				ASSETCATALOG_COMPILER_GLOBAL_ACCENT_COLOR_NAME = AccentColor;
				CODE_SIGN_STYLE = Automatic;
				CURRENT_PROJECT_VERSION = 1;
				DEVELOPMENT_TEAM = 628PNWMZP5;
				GENERATE_INFOPLIST_FILE = YES;
				INFOPLIST_FILE = StickerMaker/App/Info.plist;
				INFOPLIST_KEY_UIApplicationSupportsIndirectInputEvents = YES;
				INFOPLIST_KEY_UILaunchStoryboardName = LaunchScreen;
				INFOPLIST_KEY_UISupportedInterfaceOrientations_iPad = "UIInterfaceOrientationPortrait UIInterfaceOrientationPortraitUpsideDown UIInterfaceOrientationLandscapeLeft UIInterfaceOrientationLandscapeRight";
				INFOPLIST_KEY_UISupportedInterfaceOrientations_iPhone = "UIInterfaceOrientationPortrait UIInterfaceOrientationLandscapeLeft UIInterfaceOrientationLandscapeRight";
				LD_RUNPATH_SEARCH_PATHS = (
					"$(inherited)",
					"@executable_path/Frameworks",
				);
				MARKETING_VERSION = 1.0;
				PRODUCT_BUNDLE_IDENTIFIER = com.alkanfatih.StickerMaker;
				PRODUCT_NAME = "$(TARGET_NAME)";
				SWIFT_EMIT_LOC_STRINGS = YES;
				SWIFT_VERSION = 5.0;
				TARGETED_DEVICE_FAMILY = "1,2";
			};
			name = Release;
		};
/* End XCBuildConfiguration section */

/* Begin XCConfigurationList section */
		3DC978662BFE052F00CEBDA9 /* Build configuration list for PBXProject "StickerMaker" */ = {
			isa = XCConfigurationList;
			buildConfigurations = (
				3DC9787D2BFE053100CEBDA9 /* Debug */,
				3DC9787E2BFE053100CEBDA9 /* Release */,
			);
			defaultConfigurationIsVisible = 0;
			defaultConfigurationName = Release;
		};
		3DC9787F2BFE053100CEBDA9 /* Build configuration list for PBXNativeTarget "StickerMaker" */ = {
			isa = XCConfigurationList;
			buildConfigurations = (
				3DC978802BFE053100CEBDA9 /* Debug */,
				3DC978812BFE053100CEBDA9 /* Release */,
			);
			defaultConfigurationIsVisible = 0;
			defaultConfigurationName = Release;
		};
/* End XCConfigurationList section */

/* Begin XCRemoteSwiftPackageReference section */
		3DC9788C2BFE1AF300CEBDA9 /* XCRemoteSwiftPackageReference "Alamofire" */ = {
			isa = XCRemoteSwiftPackageReference;
			repositoryURL = "https://github.com/Alamofire/Alamofire.git";
			requirement = {
				kind = upToNextMajorVersion;
				minimumVersion = 5.9.1;
			};
		};
		3DC978A22C07356100CEBDA9 /* XCRemoteSwiftPackageReference "SDWebImage" */ = {
			isa = XCRemoteSwiftPackageReference;
			repositoryURL = "https://github.com/SDWebImage/SDWebImage";
			requirement = {
				kind = upToNextMajorVersion;
				minimumVersion = 5.19.2;
			};
		};
		3DC978A72C07381F00CEBDA9 /* XCRemoteSwiftPackageReference "SDWebImageWebPCoder" */ = {
			isa = XCRemoteSwiftPackageReference;
			repositoryURL = "https://github.com/SDWebImage/SDWebImageWebPCoder";
			requirement = {
				kind = upToNextMajorVersion;
				minimumVersion = 0.14.6;
			};
		};
		3DC978AD2C0757B300CEBDA9 /* XCRemoteSwiftPackageReference "IQKeyboardManager" */ = {
			isa = XCRemoteSwiftPackageReference;
			repositoryURL = "https://github.com/hackiftekhar/IQKeyboardManager.git";
			requirement = {
				kind = upToNextMajorVersion;
				minimumVersion = 7.0.3;
			};
		};
		3DC978B02C07660500CEBDA9 /* XCRemoteSwiftPackageReference "ProgressHUD" */ = {
			isa = XCRemoteSwiftPackageReference;
			repositoryURL = "https://github.com/relatedcode/ProgressHUD.git";
			requirement = {
				kind = upToNextMajorVersion;
				minimumVersion = 14.1.3;
			};
		};
/* End XCRemoteSwiftPackageReference section */

/* Begin XCSwiftPackageProductDependency section */
		3DC9788D2BFE1AF300CEBDA9 /* Alamofire */ = {
			isa = XCSwiftPackageProductDependency;
			package = 3DC9788C2BFE1AF300CEBDA9 /* XCRemoteSwiftPackageReference "Alamofire" */;
			productName = Alamofire;
		};
		3DC9788F2BFE1AF300CEBDA9 /* AlamofireDynamic */ = {
			isa = XCSwiftPackageProductDependency;
			package = 3DC9788C2BFE1AF300CEBDA9 /* XCRemoteSwiftPackageReference "Alamofire" */;
			productName = AlamofireDynamic;
		};
		3DC978A32C07356100CEBDA9 /* SDWebImage */ = {
			isa = XCSwiftPackageProductDependency;
			package = 3DC978A22C07356100CEBDA9 /* XCRemoteSwiftPackageReference "SDWebImage" */;
			productName = SDWebImage;
		};
		3DC978A52C07356100CEBDA9 /* SDWebImageMapKit */ = {
			isa = XCSwiftPackageProductDependency;
			package = 3DC978A22C07356100CEBDA9 /* XCRemoteSwiftPackageReference "SDWebImage" */;
			productName = SDWebImageMapKit;
		};
		3DC978A82C07382000CEBDA9 /* SDWebImageWebPCoder */ = {
			isa = XCSwiftPackageProductDependency;
			package = 3DC978A72C07381F00CEBDA9 /* XCRemoteSwiftPackageReference "SDWebImageWebPCoder" */;
			productName = SDWebImageWebPCoder;
		};
		3DC978AE2C0757B300CEBDA9 /* IQKeyboardManagerSwift */ = {
			isa = XCSwiftPackageProductDependency;
			package = 3DC978AD2C0757B300CEBDA9 /* XCRemoteSwiftPackageReference "IQKeyboardManager" */;
			productName = IQKeyboardManagerSwift;
		};
		3DC978B12C07660500CEBDA9 /* ProgressHUD */ = {
			isa = XCSwiftPackageProductDependency;
			package = 3DC978B02C07660500CEBDA9 /* XCRemoteSwiftPackageReference "ProgressHUD" */;
			productName = ProgressHUD;
		};
/* End XCSwiftPackageProductDependency section */
	};
	rootObject = 3DC978632BFE052F00CEBDA9 /* Project object */;
}
